
Microsoft Visual Studio Solution File, Format Version 12.00
# Visual Studio Version 17
VisualStudioVersion = 17.4.33403.182
MinimumVisualStudioVersion = 10.0.40219.1
Project("{9A19103F-16F7-4668-BE54-9A1E7A4F7556}") = "Example_ApiRequestValidation", "Example_ApiRequestValidation.csproj", "{1D7B4E8A-C16F-4FA5-922A-5B928C7464A9}"
EndProject
Global
	GlobalSection(SolutionConfigurationPlatforms) = preSolution
		Debug|Any CPU = Debug|Any CPU
		Release|Any CPU = Release|Any CPU
	EndGlobalSection
	GlobalSection(ProjectConfigurationPlatforms) = postSolution
		{1D7B4E8A-C16F-4FA5-922A-5B928C7464A9}.Debug|Any CPU.ActiveCfg = Debug|Any CPU
		{1D7B4E8A-C16F-4FA5-922A-5B928C7464A9}.Debug|Any CPU.Build.0 = Debug|Any CPU
		{1D7B4E8A-C16F-4FA5-922A-5B928C7464A9}.Release|Any CPU.ActiveCfg = Release|Any CPU
		{1D7B4E8A-C16F-4FA5-922A-5B928C7464A9}.Release|Any CPU.Build.0 = Release|Any CPU
	EndGlobalSection
	GlobalSection(SolutionProperties) = preSolution
		HideSolutionNode = FALSE
	EndGlobalSection
	GlobalSection(ExtensibilityGlobals) = postSolution
		SolutionGuid = {DE63A79D-7E09-4DF7-B1FB-5E0AF9FC976C}
	EndGlobalSection
EndGlobal
